
Microsoft Visual Studio Solution File, Format Version 12.00
# Visual Studio Version 17
VisualStudioVersion = 17.0.31903.59
MinimumVisualStudioVersion = 10.0.40219.1
Project("{FAE04EC0-301F-11D3-BF4B-00C04F79EFBC}") = "CleanTemplate.Api", "CleanTemplate.Api\CleanTemplate.Api.csproj", "{FEF0D70E-6EDA-45DA-93F8-19536B4FC4E7}"
EndProject
Project("{FAE04EC0-301F-11D3-BF4B-00C04F79EFBC}") = "CleanTemplate.Application", "CleanTemplate.Application\CleanTemplate.Application.csproj", "{20DE9678-0C17-44D2-A9AA-6C9AD45A7D71}"
EndProject
Project("{FAE04EC0-301F-11D3-BF4B-00C04F79EFBC}") = "CleanTemplate.Domain", "CleanTemplate.Domain\CleanTemplate.Domain.csproj", "{F65FBBC7-0E77-4A11-8741-BF90C7872CA4}"
EndProject
Project("{FAE04EC0-301F-11D3-BF4B-00C04F79EFBC}") = "CleanTemplate.Infrastructure", "CleanTemplate.Infrastructure\CleanTemplate.Infrastructure.csproj", "{D8B94388-EE34-4138-B69A-7BE914F2A279}"
EndProject
Global
	GlobalSection(SolutionConfigurationPlatforms) = preSolution
		Debug|Any CPU = Debug|Any CPU
		Debug|x64 = Debug|x64
		Debug|x86 = Debug|x86
		Release|Any CPU = Release|Any CPU
		Release|x64 = Release|x64
		Release|x86 = Release|x86
	EndGlobalSection
	GlobalSection(ProjectConfigurationPlatforms) = postSolution
		{FEF0D70E-6EDA-45DA-93F8-19536B4FC4E7}.Debug|Any CPU.ActiveCfg = Debug|Any CPU
		{FEF0D70E-6EDA-45DA-93F8-19536B4FC4E7}.Debug|Any CPU.Build.0 = Debug|Any CPU
		{FEF0D70E-6EDA-45DA-93F8-19536B4FC4E7}.Debug|x64.ActiveCfg = Debug|Any CPU
		{FEF0D70E-6EDA-45DA-93F8-19536B4FC4E7}.Debug|x64.Build.0 = Debug|Any CPU
		{FEF0D70E-6EDA-45DA-93F8-19536B4FC4E7}.Debug|x86.ActiveCfg = Debug|Any CPU
		{FEF0D70E-6EDA-45DA-93F8-19536B4FC4E7}.Debug|x86.Build.0 = Debug|Any CPU
		{FEF0D70E-6EDA-45DA-93F8-19536B4FC4E7}.Release|Any CPU.ActiveCfg = Release|Any CPU
		{FEF0D70E-6EDA-45DA-93F8-19536B4FC4E7}.Release|Any CPU.Build.0 = Release|Any CPU
		{FEF0D70E-6EDA-45DA-93F8-19536B4FC4E7}.Release|x64.ActiveCfg = Release|Any CPU
		{FEF0D70E-6EDA-45DA-93F8-19536B4FC4E7}.Release|x64.Build.0 = Release|Any CPU
		{FEF0D70E-6EDA-45DA-93F8-19536B4FC4E7}.Release|x86.ActiveCfg = Release|Any CPU
		{FEF0D70E-6EDA-45DA-93F8-19536B4FC4E7}.Release|x86.Build.0 = Release|Any CPU
		{20DE9678-0C17-44D2-A9AA-6C9AD45A7D71}.Debug|Any CPU.ActiveCfg = Debug|Any CPU
		{20DE9678-0C17-44D2-A9AA-6C9AD45A7D71}.Debug|Any CPU.Build.0 = Debug|Any CPU
		{20DE9678-0C17-44D2-A9AA-6C9AD45A7D71}.Debug|x64.ActiveCfg = Debug|Any CPU
		{20DE9678-0C17-44D2-A9AA-6C9AD45A7D71}.Debug|x64.Build.0 = Debug|Any CPU
		{20DE9678-0C17-44D2-A9AA-6C9AD45A7D71}.Debug|x86.ActiveCfg = Debug|Any CPU
		{20DE9678-0C17-44D2-A9AA-6C9AD45A7D71}.Debug|x86.Build.0 = Debug|Any CPU
		{20DE9678-0C17-44D2-A9AA-6C9AD45A7D71}.Release|Any CPU.ActiveCfg = Release|Any CPU
		{20DE9678-0C17-44D2-A9AA-6C9AD45A7D71}.Release|Any CPU.Build.0 = Release|Any CPU
		{20DE9678-0C17-44D2-A9AA-6C9AD45A7D71}.Release|x64.ActiveCfg = Release|Any CPU
		{20DE9678-0C17-44D2-A9AA-6C9AD45A7D71}.Release|x64.Build.0 = Release|Any CPU
		{20DE9678-0C17-44D2-A9AA-6C9AD45A7D71}.Release|x86.ActiveCfg = Release|Any CPU
		{20DE9678-0C17-44D2-A9AA-6C9AD45A7D71}.Release|x86.Build.0 = Release|Any CPU
		{F65FBBC7-0E77-4A11-8741-BF90C7872CA4}.Debug|Any CPU.ActiveCfg = Debug|Any CPU
		{F65FBBC7-0E77-4A11-8741-BF90C7872CA4}.Debug|Any CPU.Build.0 = Debug|Any CPU
		{F65FBBC7-0E77-4A11-8741-BF90C7872CA4}.Debug|x64.ActiveCfg = Debug|Any CPU
		{F65FBBC7-0E77-4A11-8741-BF90C7872CA4}.Debug|x64.Build.0 = Debug|Any CPU
		{F65FBBC7-0E77-4A11-8741-BF90C7872CA4}.Debug|x86.ActiveCfg = Debug|Any CPU
		{F65FBBC7-0E77-4A11-8741-BF90C7872CA4}.Debug|x86.Build.0 = Debug|Any CPU
		{F65FBBC7-0E77-4A11-8741-BF90C7872CA4}.Release|Any CPU.ActiveCfg = Release|Any CPU
		{F65FBBC7-0E77-4A11-8741-BF90C7872CA4}.Release|Any CPU.Build.0 = Release|Any CPU
		{F65FBBC7-0E77-4A11-8741-BF90C7872CA4}.Release|x64.ActiveCfg = Release|Any CPU
		{F65FBBC7-0E77-4A11-8741-BF90C7872CA4}.Release|x64.Build.0 = Release|Any CPU
		{F65FBBC7-0E77-4A11-8741-BF90C7872CA4}.Release|x86.ActiveCfg = Release|Any CPU
		{F65FBBC7-0E77-4A11-8741-BF90C7872CA4}.Release|x86.Build.0 = Release|Any CPU
		{D8B94388-EE34-4138-B69A-7BE914F2A279}.Debug|Any CPU.ActiveCfg = Debug|Any CPU
		{D8B94388-EE34-4138-B69A-7BE914F2A279}.Debug|Any CPU.Build.0 = Debug|Any CPU
		{D8B94388-EE34-4138-B69A-7BE914F2A279}.Debug|x64.ActiveCfg = Debug|Any CPU
		{D8B94388-EE34-4138-B69A-7BE914F2A279}.Debug|x64.Build.0 = Debug|Any CPU
		{D8B94388-EE34-4138-B69A-7BE914F2A279}.Debug|x86.ActiveCfg = Debug|Any CPU
		{D8B94388-EE34-4138-B69A-7BE914F2A279}.Debug|x86.Build.0 = Debug|Any CPU
		{D8B94388-EE34-4138-B69A-7BE914F2A279}.Release|Any CPU.ActiveCfg = Release|Any CPU
		{D8B94388-EE34-4138-B69A-7BE914F2A279}.Release|Any CPU.Build.0 = Release|Any CPU
		{D8B94388-EE34-4138-B69A-7BE914F2A279}.Release|x64.ActiveCfg = Release|Any CPU
		{D8B94388-EE34-4138-B69A-7BE914F2A279}.Release|x64.Build.0 = Release|Any CPU
		{D8B94388-EE34-4138-B69A-7BE914F2A279}.Release|x86.ActiveCfg = Release|Any CPU
		{D8B94388-EE34-4138-B69A-7BE914F2A279}.Release|x86.Build.0 = Release|Any CPU
	EndGlobalSection
	GlobalSection(SolutionProperties) = preSolution
		HideSolutionNode = FALSE
	EndGlobalSection
EndGlobal
